
Microsoft Visual Studio Solution File, Format Version 12.00
# Visual Studio 15
VisualStudioVersion = 15.0.26228.9
MinimumVisualStudioVersion = 10.0.40219.1
Project("{FAE04EC0-301F-11D3-BF4B-00C04F79EFBC}") = "StartUpApi", "StartUpApi\StartUpApi.csproj", "{0CF3B2FE-5815-47D8-9641-35BC66803815}"
EndProject
Project("{FAE04EC0-301F-11D3-BF4B-00C04F79EFBC}") = "Pager", "Pager\Pager.csproj", "{7C85C4E6-81B9-4437-BAED-6F61CCA121C3}"
EndProject
Project("{FAE04EC0-301F-11D3-BF4B-00C04F79EFBC}") = "Data", "Data\Data.csproj", "{01E51951-8F03-427C-9C80-7EA9BC1B695F}"
EndProject
Project("{FAE04EC0-301F-11D3-BF4B-00C04F79EFBC}") = "General", "Exceptions\General.csproj", "{3789A633-02CA-43F1-BAA4-BC9BEC1F729C}"
EndProject
Project("{FAE04EC0-301F-11D3-BF4B-00C04F79EFBC}") = "Services", "Services\Services.csproj", "{0887C31A-80CD-4F47-88CF-63F1C5C9A505}"
EndProject
Global
	GlobalSection(SolutionConfigurationPlatforms) = preSolution
		Debug|Any CPU = Debug|Any CPU
		Release|Any CPU = Release|Any CPU
	EndGlobalSection
	GlobalSection(ProjectConfigurationPlatforms) = postSolution
		{0CF3B2FE-5815-47D8-9641-35BC66803815}.Debug|Any CPU.ActiveCfg = Debug|Any CPU
		{0CF3B2FE-5815-47D8-9641-35BC66803815}.Debug|Any CPU.Build.0 = Debug|Any CPU
		{0CF3B2FE-5815-47D8-9641-35BC66803815}.Release|Any CPU.ActiveCfg = Release|Any CPU
		{0CF3B2FE-5815-47D8-9641-35BC66803815}.Release|Any CPU.Build.0 = Release|Any CPU
		{7C85C4E6-81B9-4437-BAED-6F61CCA121C3}.Debug|Any CPU.ActiveCfg = Debug|Any CPU
		{7C85C4E6-81B9-4437-BAED-6F61CCA121C3}.Debug|Any CPU.Build.0 = Debug|Any CPU
		{7C85C4E6-81B9-4437-BAED-6F61CCA121C3}.Release|Any CPU.ActiveCfg = Release|Any CPU
		{7C85C4E6-81B9-4437-BAED-6F61CCA121C3}.Release|Any CPU.Build.0 = Release|Any CPU
		{01E51951-8F03-427C-9C80-7EA9BC1B695F}.Debug|Any CPU.ActiveCfg = Debug|Any CPU
		{01E51951-8F03-427C-9C80-7EA9BC1B695F}.Debug|Any CPU.Build.0 = Debug|Any CPU
		{01E51951-8F03-427C-9C80-7EA9BC1B695F}.Release|Any CPU.ActiveCfg = Release|Any CPU
		{01E51951-8F03-427C-9C80-7EA9BC1B695F}.Release|Any CPU.Build.0 = Release|Any CPU
		{3789A633-02CA-43F1-BAA4-BC9BEC1F729C}.Debug|Any CPU.ActiveCfg = Debug|Any CPU
		{3789A633-02CA-43F1-BAA4-BC9BEC1F729C}.Debug|Any CPU.Build.0 = Debug|Any CPU
		{3789A633-02CA-43F1-BAA4-BC9BEC1F729C}.Release|Any CPU.ActiveCfg = Release|Any CPU
		{3789A633-02CA-43F1-BAA4-BC9BEC1F729C}.Release|Any CPU.Build.0 = Release|Any CPU
		{0887C31A-80CD-4F47-88CF-63F1C5C9A505}.Debug|Any CPU.ActiveCfg = Debug|Any CPU
		{0887C31A-80CD-4F47-88CF-63F1C5C9A505}.Debug|Any CPU.Build.0 = Debug|Any CPU
		{0887C31A-80CD-4F47-88CF-63F1C5C9A505}.Release|Any CPU.ActiveCfg = Release|Any CPU
		{0887C31A-80CD-4F47-88CF-63F1C5C9A505}.Release|Any CPU.Build.0 = Release|Any CPU
	EndGlobalSection
	GlobalSection(SolutionProperties) = preSolution
		HideSolutionNode = FALSE
	EndGlobalSection
EndGlobal
